
Microsoft Visual Studio Solution File, Format Version 12.00
# Visual Studio Version 17
VisualStudioVersion = 17.8.34525.116
MinimumVisualStudioVersion = 10.0.40219.1
Project("{FAE04EC0-301F-11D3-BF4B-00C04F79EFBC}") = "RecipeAppGUI", "RecipeAppGUI.csproj", "{140FCA54-085B-4D50-901A-2418A78A6535}"
EndProject
Global
	GlobalSection(SolutionConfigurationPlatforms) = preSolution
		Debug|Any CPU = Debug|Any CPU
		Release|Any CPU = Release|Any CPU
	EndGlobalSection
	GlobalSection(ProjectConfigurationPlatforms) = postSolution
		{140FCA54-085B-4D50-901A-2418A78A6535}.Debug|Any CPU.ActiveCfg = Debug|Any CPU
		{140FCA54-085B-4D50-901A-2418A78A6535}.Debug|Any CPU.Build.0 = Debug|Any CPU
		{140FCA54-085B-4D50-901A-2418A78A6535}.Release|Any CPU.ActiveCfg = Release|Any CPU
		{140FCA54-085B-4D50-901A-2418A78A6535}.Release|Any CPU.Build.0 = Release|Any CPU
	EndGlobalSection
	GlobalSection(SolutionProperties) = preSolution
		HideSolutionNode = FALSE
	EndGlobalSection
	GlobalSection(ExtensibilityGlobals) = postSolution
		SolutionGuid = {89AD6385-6003-446D-AF47-22B91F243021}
	EndGlobalSection
EndGlobal
